Microsoft Visual Studio Solution File, Format Version 12.00
# Visual Studio 15
Project("{8BC9CEB8-8B4A-11D0-8D11-00A0C91BC942}") = "ALL_BUILD", "ALL_BUILD.vcxproj", "{F050182D-4E7E-305A-A582-DCB14ADC3436}"
	ProjectSection(ProjectDependencies) = postProject
		{75D271CC-5E6E-3515-BF64-9C381A2541D5} = {75D271CC-5E6E-3515-BF64-9C381A2541D5}
		{9CBA39FE-8346-315B-98D9-D27C88B710D5} = {9CBA39FE-8346-315B-98D9-D27C88B710D5}
		{EC39416E-559A-33FD-9B14-39C9CE0922C1} = {EC39416E-559A-33FD-9B14-39C9CE0922C1}
		{0242E04E-743B-3E06-9F1A-ED9DF84166C1} = {0242E04E-743B-3E06-9F1A-ED9DF84166C1}
		{E37BDD9E-1A5E-32C3-9A14-1E4E5176E47B} = {E37BDD9E-1A5E-32C3-9A14-1E4E5176E47B}
		{0D1742B9-65EF-3F24-AA7C-A9966CBF39CD} = {0D1742B9-65EF-3F24-AA7C-A9966CBF39CD}
		{2AF31DE6-7817-3690-A9B3-87D9D31D1DDD} = {2AF31DE6-7817-3690-A9B3-87D9D31D1DDD}
		{E90B71FD-5F11-308C-BD3A-FC812672803E} = {E90B71FD-5F11-308C-BD3A-FC812672803E}
		{B29813CA-7482-32CE-992E-69791FC40984} = {B29813CA-7482-32CE-992E-69791FC40984}
		{DF7A54C1-4A19-35C4-BAF1-1CDC255AB691} = {DF7A54C1-4A19-35C4-BAF1-1CDC255AB691}
		{486B9AE1-2351-35F8-BF40-2148FBFFA71D} = {486B9AE1-2351-35F8-BF40-2148FBFFA71D}
		{54C68454-9EE7-348E-AAD3-DC57600E5F40} = {54C68454-9EE7-348E-AAD3-DC57600E5F40}
		{14C36002-3B11-384E-8875-A7ED05E13F21} = {14C36002-3B11-384E-8875-A7ED05E13F21}
		{87BFC291-4542-37A1-AD8B-24F1026A144E} = {87BFC291-4542-37A1-AD8B-24F1026A144E}
	EndProjectSection
EndProject
Project("{8BC9CEB8-8B4A-11D0-8D11-00A0C91BC942}") = "PACKAGE", "PACKAGE.vcxproj", "{9F64FBC0-9203-3805-A377-85CC122478B8}"
	ProjectSection(ProjectDependencies) = postProject
		{F050182D-4E7E-305A-A582-DCB14ADC3436} = {F050182D-4E7E-305A-A582-DCB14ADC3436}
		{75D271CC-5E6E-3515-BF64-9C381A2541D5} = {75D271CC-5E6E-3515-BF64-9C381A2541D5}
	EndProjectSection
EndProject
Project("{8BC9CEB8-8B4A-11D0-8D11-00A0C91BC942}") = "ZERO_CHECK", "ZERO_CHECK.vcxproj", "{75D271CC-5E6E-3515-BF64-9C381A2541D5}"
	ProjectSection(ProjectDependencies) = postProject
	EndProjectSection
EndProject
Project("{8BC9CEB8-8B4A-11D0-8D11-00A0C91BC942}") = "airfoil_self_noise", "examples\airfoil_self_noise\airfoil_self_noise.vcxproj", "{9CBA39FE-8346-315B-98D9-D27C88B710D5}"
	ProjectSection(ProjectDependencies) = postProject
		{75D271CC-5E6E-3515-BF64-9C381A2541D5} = {75D271CC-5E6E-3515-BF64-9C381A2541D5}
	EndProjectSection
EndProject
Project("{8BC9CEB8-8B4A-11D0-8D11-00A0C91BC942}") = "breast_cancer", "examples\breast_cancer\breast_cancer.vcxproj", "{EC39416E-559A-33FD-9B14-39C9CE0922C1}"
	ProjectSection(ProjectDependencies) = postProject
		{75D271CC-5E6E-3515-BF64-9C381A2541D5} = {75D271CC-5E6E-3515-BF64-9C381A2541D5}
	EndProjectSection
EndProject
Project("{8BC9CEB8-8B4A-11D0-8D11-00A0C91BC942}") = "iris_plant", "examples\iris_plant\iris_plant.vcxproj", "{0242E04E-743B-3E06-9F1A-ED9DF84166C1}"
	ProjectSection(ProjectDependencies) = postProject
		{75D271CC-5E6E-3515-BF64-9C381A2541D5} = {75D271CC-5E6E-3515-BF64-9C381A2541D5}
	EndProjectSection
EndProject
Project("{8BC9CEB8-8B4A-11D0-8D11-00A0C91BC942}") = "leukemia", "examples\leukemia\leukemia.vcxproj", "{E37BDD9E-1A5E-32C3-9A14-1E4E5176E47B}"
	ProjectSection(ProjectDependencies) = postProject
		{75D271CC-5E6E-3515-BF64-9C381A2541D5} = {75D271CC-5E6E-3515-BF64-9C381A2541D5}
	EndProjectSection
EndProject
Project("{8BC9CEB8-8B4A-11D0-8D11-00A0C91BC942}") = "logical_operations", "examples\logical_operations\logical_operations.vcxproj", "{0D1742B9-65EF-3F24-AA7C-A9966CBF39CD}"
	ProjectSection(ProjectDependencies) = postProject
		{75D271CC-5E6E-3515-BF64-9C381A2541D5} = {75D271CC-5E6E-3515-BF64-9C381A2541D5}
	EndProjectSection
EndProject
Project("{8BC9CEB8-8B4A-11D0-8D11-00A0C91BC942}") = "opennn", "opennn\opennn.vcxproj", "{2AF31DE6-7817-3690-A9B3-87D9D31D1DDD}"
	ProjectSection(ProjectDependencies) = postProject
		{75D271CC-5E6E-3515-BF64-9C381A2541D5} = {75D271CC-5E6E-3515-BF64-9C381A2541D5}
	EndProjectSection
EndProject
Project("{8BC9CEB8-8B4A-11D0-8D11-00A0C91BC942}") = "pima_indians_diabetes", "examples\pima_indians_diabetes\pima_indians_diabetes.vcxproj", "{E90B71FD-5F11-308C-BD3A-FC812672803E}"
	ProjectSection(ProjectDependencies) = postProject
		{75D271CC-5E6E-3515-BF64-9C381A2541D5} = {75D271CC-5E6E-3515-BF64-9C381A2541D5}
	EndProjectSection
EndProject
Project("{8BC9CEB8-8B4A-11D0-8D11-00A0C91BC942}") = "simple_function_regression", "examples\simple_function_regression\simple_function_regression.vcxproj", "{B29813CA-7482-32CE-992E-69791FC40984}"
	ProjectSection(ProjectDependencies) = postProject
		{75D271CC-5E6E-3515-BF64-9C381A2541D5} = {75D271CC-5E6E-3515-BF64-9C381A2541D5}
	EndProjectSection
EndProject
Project("{8BC9CEB8-8B4A-11D0-8D11-00A0C91BC942}") = "simple_pattern_recognition", "examples\simple_pattern_recognition\simple_pattern_recognition.vcxproj", "{DF7A54C1-4A19-35C4-BAF1-1CDC255AB691}"
	ProjectSection(ProjectDependencies) = postProject
		{75D271CC-5E6E-3515-BF64-9C381A2541D5} = {75D271CC-5E6E-3515-BF64-9C381A2541D5}
	EndProjectSection
EndProject
Project("{8BC9CEB8-8B4A-11D0-8D11-00A0C91BC942}") = "tests", "tests\tests.vcxproj", "{486B9AE1-2351-35F8-BF40-2148FBFFA71D}"
	ProjectSection(ProjectDependencies) = postProject
		{75D271CC-5E6E-3515-BF64-9C381A2541D5} = {75D271CC-5E6E-3515-BF64-9C381A2541D5}
	EndProjectSection
EndProject
Project("{8BC9CEB8-8B4A-11D0-8D11-00A0C91BC942}") = "urinary_inflammations_diagnosis", "examples\urinary_inflammations_diagnosis\urinary_inflammations_diagnosis.vcxproj", "{54C68454-9EE7-348E-AAD3-DC57600E5F40}"
	ProjectSection(ProjectDependencies) = postProject
		{75D271CC-5E6E-3515-BF64-9C381A2541D5} = {75D271CC-5E6E-3515-BF64-9C381A2541D5}
	EndProjectSection
EndProject
Project("{8BC9CEB8-8B4A-11D0-8D11-00A0C91BC942}") = "yacht_hydrodynamics_design", "examples\yacht_hydrodynamics_design\yacht_hydrodynamics_design.vcxproj", "{14C36002-3B11-384E-8875-A7ED05E13F21}"
	ProjectSection(ProjectDependencies) = postProject
		{75D271CC-5E6E-3515-BF64-9C381A2541D5} = {75D271CC-5E6E-3515-BF64-9C381A2541D5}
	EndProjectSection
EndProject
Project("{8BC9CEB8-8B4A-11D0-8D11-00A0C91BC942}") = "yacht_hydrodynamics_production", "examples\yacht_hydrodynamics_production\yacht_hydrodynamics_production.vcxproj", "{87BFC291-4542-37A1-AD8B-24F1026A144E}"
	ProjectSection(ProjectDependencies) = postProject
		{75D271CC-5E6E-3515-BF64-9C381A2541D5} = {75D271CC-5E6E-3515-BF64-9C381A2541D5}
	EndProjectSection
EndProject
Global
	GlobalSection(SolutionConfigurationPlatforms) = preSolution
		Debug|Win32 = Debug|Win32
		Release|Win32 = Release|Win32
		MinSizeRel|Win32 = MinSizeRel|Win32
		RelWithDebInfo|Win32 = RelWithDebInfo|Win32
	EndGlobalSection
	GlobalSection(ProjectConfigurationPlatforms) = postSolution
		{F050182D-4E7E-305A-A582-DCB14ADC3436}.Debug|Win32.ActiveCfg = Debug|Win32
		{F050182D-4E7E-305A-A582-DCB14ADC3436}.Debug|Win32.Build.0 = Debug|Win32
		{F050182D-4E7E-305A-A582-DCB14ADC3436}.Release|Win32.ActiveCfg = Release|Win32
		{F050182D-4E7E-305A-A582-DCB14ADC3436}.Release|Win32.Build.0 = Release|Win32
		{F050182D-4E7E-305A-A582-DCB14ADC3436}.MinSizeRel|Win32.ActiveCfg = MinSizeRel|Win32
		{F050182D-4E7E-305A-A582-DCB14ADC3436}.MinSizeRel|Win32.Build.0 = MinSizeRel|Win32
		{F050182D-4E7E-305A-A582-DCB14ADC3436}.RelWithDebInfo|Win32.ActiveCfg = RelWithDebInfo|Win32
		{F050182D-4E7E-305A-A582-DCB14ADC3436}.RelWithDebInfo|Win32.Build.0 = RelWithDebInfo|Win32
		{9F64FBC0-9203-3805-A377-85CC122478B8}.Debug|Win32.ActiveCfg = Debug|Win32
		{9F64FBC0-9203-3805-A377-85CC122478B8}.Release|Win32.ActiveCfg = Release|Win32
		{9F64FBC0-9203-3805-A377-85CC122478B8}.MinSizeRel|Win32.ActiveCfg = MinSizeRel|Win32
		{9F64FBC0-9203-3805-A377-85CC122478B8}.RelWithDebInfo|Win32.ActiveCfg = RelWithDebInfo|Win32
		{75D271CC-5E6E-3515-BF64-9C381A2541D5}.Debug|Win32.ActiveCfg = Debug|Win32
		{75D271CC-5E6E-3515-BF64-9C381A2541D5}.Debug|Win32.Build.0 = Debug|Win32
		{75D271CC-5E6E-3515-BF64-9C381A2541D5}.Release|Win32.ActiveCfg = Release|Win32
		{75D271CC-5E6E-3515-BF64-9C381A2541D5}.Release|Win32.Build.0 = Release|Win32
		{75D271CC-5E6E-3515-BF64-9C381A2541D5}.MinSizeRel|Win32.ActiveCfg = MinSizeRel|Win32
		{75D271CC-5E6E-3515-BF64-9C381A2541D5}.MinSizeRel|Win32.Build.0 = MinSizeRel|Win32
		{75D271CC-5E6E-3515-BF64-9C381A2541D5}.RelWithDebInfo|Win32.ActiveCfg = RelWithDebInfo|Win32
		{75D271CC-5E6E-3515-BF64-9C381A2541D5}.RelWithDebInfo|Win32.Build.0 = RelWithDebInfo|Win32
		{9CBA39FE-8346-315B-98D9-D27C88B710D5}.Debug|Win32.ActiveCfg = Debug|Win32
		{9CBA39FE-8346-315B-98D9-D27C88B710D5}.Debug|Win32.Build.0 = Debug|Win32
		{9CBA39FE-8346-315B-98D9-D27C88B710D5}.Release|Win32.ActiveCfg = Release|Win32
		{9CBA39FE-8346-315B-98D9-D27C88B710D5}.Release|Win32.Build.0 = Release|Win32
		{9CBA39FE-8346-315B-98D9-D27C88B710D5}.MinSizeRel|Win32.ActiveCfg = MinSizeRel|Win32
		{9CBA39FE-8346-315B-98D9-D27C88B710D5}.MinSizeRel|Win32.Build.0 = MinSizeRel|Win32
		{9CBA39FE-8346-315B-98D9-D27C88B710D5}.RelWithDebInfo|Win32.ActiveCfg = RelWithDebInfo|Win32
		{9CBA39FE-8346-315B-98D9-D27C88B710D5}.RelWithDebInfo|Win32.Build.0 = RelWithDebInfo|Win32
		{EC39416E-559A-33FD-9B14-39C9CE0922C1}.Debug|Win32.ActiveCfg = Debug|Win32
		{EC39416E-559A-33FD-9B14-39C9CE0922C1}.Debug|Win32.Build.0 = Debug|Win32
		{EC39416E-559A-33FD-9B14-39C9CE0922C1}.Release|Win32.ActiveCfg = Release|Win32
		{EC39416E-559A-33FD-9B14-39C9CE0922C1}.Release|Win32.Build.0 = Release|Win32
		{EC39416E-559A-33FD-9B14-39C9CE0922C1}.MinSizeRel|Win32.ActiveCfg = MinSizeRel|Win32
		{EC39416E-559A-33FD-9B14-39C9CE0922C1}.MinSizeRel|Win32.Build.0 = MinSizeRel|Win32
		{EC39416E-559A-33FD-9B14-39C9CE0922C1}.RelWithDebInfo|Win32.ActiveCfg = RelWithDebInfo|Win32
		{EC39416E-559A-33FD-9B14-39C9CE0922C1}.RelWithDebInfo|Win32.Build.0 = RelWithDebInfo|Win32
		{0242E04E-743B-3E06-9F1A-ED9DF84166C1}.Debug|Win32.ActiveCfg = Debug|Win32
		{0242E04E-743B-3E06-9F1A-ED9DF84166C1}.Debug|Win32.Build.0 = Debug|Win32
		{0242E04E-743B-3E06-9F1A-ED9DF84166C1}.Release|Win32.ActiveCfg = Release|Win32
		{0242E04E-743B-3E06-9F1A-ED9DF84166C1}.Release|Win32.Build.0 = Release|Win32
		{0242E04E-743B-3E06-9F1A-ED9DF84166C1}.MinSizeRel|Win32.ActiveCfg = MinSizeRel|Win32
		{0242E04E-743B-3E06-9F1A-ED9DF84166C1}.MinSizeRel|Win32.Build.0 = MinSizeRel|Win32
		{0242E04E-743B-3E06-9F1A-ED9DF84166C1}.RelWithDebInfo|Win32.ActiveCfg = RelWithDebInfo|Win32
		{0242E04E-743B-3E06-9F1A-ED9DF84166C1}.RelWithDebInfo|Win32.Build.0 = RelWithDebInfo|Win32
		{E37BDD9E-1A5E-32C3-9A14-1E4E5176E47B}.Debug|Win32.ActiveCfg = Debug|Win32
		{E37BDD9E-1A5E-32C3-9A14-1E4E5176E47B}.Debug|Win32.Build.0 = Debug|Win32
		{E37BDD9E-1A5E-32C3-9A14-1E4E5176E47B}.Release|Win32.ActiveCfg = Release|Win32
		{E37BDD9E-1A5E-32C3-9A14-1E4E5176E47B}.Release|Win32.Build.0 = Release|Win32
		{E37BDD9E-1A5E-32C3-9A14-1E4E5176E47B}.MinSizeRel|Win32.ActiveCfg = MinSizeRel|Win32
		{E37BDD9E-1A5E-32C3-9A14-1E4E5176E47B}.MinSizeRel|Win32.Build.0 = MinSizeRel|Win32
		{E37BDD9E-1A5E-32C3-9A14-1E4E5176E47B}.RelWithDebInfo|Win32.ActiveCfg = RelWithDebInfo|Win32
		{E37BDD9E-1A5E-32C3-9A14-1E4E5176E47B}.RelWithDebInfo|Win32.Build.0 = RelWithDebInfo|Win32
		{0D1742B9-65EF-3F24-AA7C-A9966CBF39CD}.Debug|Win32.ActiveCfg = Debug|Win32
		{0D1742B9-65EF-3F24-AA7C-A9966CBF39CD}.Debug|Win32.Build.0 = Debug|Win32
		{0D1742B9-65EF-3F24-AA7C-A9966CBF39CD}.Release|Win32.ActiveCfg = Release|Win32
		{0D1742B9-65EF-3F24-AA7C-A9966CBF39CD}.Release|Win32.Build.0 = Release|Win32
		{0D1742B9-65EF-3F24-AA7C-A9966CBF39CD}.MinSizeRel|Win32.ActiveCfg = MinSizeRel|Win32
		{0D1742B9-65EF-3F24-AA7C-A9966CBF39CD}.MinSizeRel|Win32.Build.0 = MinSizeRel|Win32
		{0D1742B9-65EF-3F24-AA7C-A9966CBF39CD}.RelWithDebInfo|Win32.ActiveCfg = RelWithDebInfo|Win32
		{0D1742B9-65EF-3F24-AA7C-A9966CBF39CD}.RelWithDebInfo|Win32.Build.0 = RelWithDebInfo|Win32
		{2AF31DE6-7817-3690-A9B3-87D9D31D1DDD}.Debug|Win32.ActiveCfg = Debug|Win32
		{2AF31DE6-7817-3690-A9B3-87D9D31D1DDD}.Debug|Win32.Build.0 = Debug|Win32
		{2AF31DE6-7817-3690-A9B3-87D9D31D1DDD}.Release|Win32.ActiveCfg = Release|Win32
		{2AF31DE6-7817-3690-A9B3-87D9D31D1DDD}.Release|Win32.Build.0 = Release|Win32
		{2AF31DE6-7817-3690-A9B3-87D9D31D1DDD}.MinSizeRel|Win32.ActiveCfg = MinSizeRel|Win32
		{2AF31DE6-7817-3690-A9B3-87D9D31D1DDD}.MinSizeRel|Win32.Build.0 = MinSizeRel|Win32
		{2AF31DE6-7817-3690-A9B3-87D9D31D1DDD}.RelWithDebInfo|Win32.ActiveCfg = RelWithDebInfo|Win32
		{2AF31DE6-7817-3690-A9B3-87D9D31D1DDD}.RelWithDebInfo|Win32.Build.0 = RelWithDebInfo|Win32
		{E90B71FD-5F11-308C-BD3A-FC812672803E}.Debug|Win32.ActiveCfg = Debug|Win32
		{E90B71FD-5F11-308C-BD3A-FC812672803E}.Debug|Win32.Build.0 = Debug|Win32
		{E90B71FD-5F11-308C-BD3A-FC812672803E}.Release|Win32.ActiveCfg = Release|Win32
		{E90B71FD-5F11-308C-BD3A-FC812672803E}.Release|Win32.Build.0 = Release|Win32
		{E90B71FD-5F11-308C-BD3A-FC812672803E}.MinSizeRel|Win32.ActiveCfg = MinSizeRel|Win32
		{E90B71FD-5F11-308C-BD3A-FC812672803E}.MinSizeRel|Win32.Build.0 = MinSizeRel|Win32
		{E90B71FD-5F11-308C-BD3A-FC812672803E}.RelWithDebInfo|Win32.ActiveCfg = RelWithDebInfo|Win32
		{E90B71FD-5F11-308C-BD3A-FC812672803E}.RelWithDebInfo|Win32.Build.0 = RelWithDebInfo|Win32
		{B29813CA-7482-32CE-992E-69791FC40984}.Debug|Win32.ActiveCfg = Debug|Win32
		{B29813CA-7482-32CE-992E-69791FC40984}.Debug|Win32.Build.0 = Debug|Win32
		{B29813CA-7482-32CE-992E-69791FC40984}.Release|Win32.ActiveCfg = Release|Win32
		{B29813CA-7482-32CE-992E-69791FC40984}.Release|Win32.Build.0 = Release|Win32
		{B29813CA-7482-32CE-992E-69791FC40984}.MinSizeRel|Win32.ActiveCfg = MinSizeRel|Win32
		{B29813CA-7482-32CE-992E-69791FC40984}.MinSizeRel|Win32.Build.0 = MinSizeRel|Win32
		{B29813CA-7482-32CE-992E-69791FC40984}.RelWithDebInfo|Win32.ActiveCfg = RelWithDebInfo|Win32
		{B29813CA-7482-32CE-992E-69791FC40984}.RelWithDebInfo|Win32.Build.0 = RelWithDebInfo|Win32
		{DF7A54C1-4A19-35C4-BAF1-1CDC255AB691}.Debug|Win32.ActiveCfg = Debug|Win32
		{DF7A54C1-4A19-35C4-BAF1-1CDC255AB691}.Debug|Win32.Build.0 = Debug|Win32
		{DF7A54C1-4A19-35C4-BAF1-1CDC255AB691}.Release|Win32.ActiveCfg = Release|Win32
		{DF7A54C1-4A19-35C4-BAF1-1CDC255AB691}.Release|Win32.Build.0 = Release|Win32
		{DF7A54C1-4A19-35C4-BAF1-1CDC255AB691}.MinSizeRel|Win32.ActiveCfg = MinSizeRel|Win32
		{DF7A54C1-4A19-35C4-BAF1-1CDC255AB691}.MinSizeRel|Win32.Build.0 = MinSizeRel|Win32
		{DF7A54C1-4A19-35C4-BAF1-1CDC255AB691}.RelWithDebInfo|Win32.ActiveCfg = RelWithDebInfo|Win32
		{DF7A54C1-4A19-35C4-BAF1-1CDC255AB691}.RelWithDebInfo|Win32.Build.0 = RelWithDebInfo|Win32
		{486B9AE1-2351-35F8-BF40-2148FBFFA71D}.Debug|Win32.ActiveCfg = Debug|Win32
		{486B9AE1-2351-35F8-BF40-2148FBFFA71D}.Debug|Win32.Build.0 = Debug|Win32
		{486B9AE1-2351-35F8-BF40-2148FBFFA71D}.Release|Win32.ActiveCfg = Release|Win32
		{486B9AE1-2351-35F8-BF40-2148FBFFA71D}.Release|Win32.Build.0 = Release|Win32
		{486B9AE1-2351-35F8-BF40-2148FBFFA71D}.MinSizeRel|Win32.ActiveCfg = MinSizeRel|Win32
		{486B9AE1-2351-35F8-BF40-2148FBFFA71D}.MinSizeRel|Win32.Build.0 = MinSizeRel|Win32
		{486B9AE1-2351-35F8-BF40-2148FBFFA71D}.RelWithDebInfo|Win32.ActiveCfg = RelWithDebInfo|Win32
		{486B9AE1-2351-35F8-BF40-2148FBFFA71D}.RelWithDebInfo|Win32.Build.0 = RelWithDebInfo|Win32
		{54C68454-9EE7-348E-AAD3-DC57600E5F40}.Debug|Win32.ActiveCfg = Debug|Win32
		{54C68454-9EE7-348E-AAD3-DC57600E5F40}.Debug|Win32.Build.0 = Debug|Win32
		{54C68454-9EE7-348E-AAD3-DC57600E5F40}.Release|Win32.ActiveCfg = Release|Win32
		{54C68454-9EE7-348E-AAD3-DC57600E5F40}.Release|Win32.Build.0 = Release|Win32
		{54C68454-9EE7-348E-AAD3-DC57600E5F40}.MinSizeRel|Win32.ActiveCfg = MinSizeRel|Win32
		{54C68454-9EE7-348E-AAD3-DC57600E5F40}.MinSizeRel|Win32.Build.0 = MinSizeRel|Win32
		{54C68454-9EE7-348E-AAD3-DC57600E5F40}.RelWithDebInfo|Win32.ActiveCfg = RelWithDebInfo|Win32
		{54C68454-9EE7-348E-AAD3-DC57600E5F40}.RelWithDebInfo|Win32.Build.0 = RelWithDebInfo|Win32
		{14C36002-3B11-384E-8875-A7ED05E13F21}.Debug|Win32.ActiveCfg = Debug|Win32
		{14C36002-3B11-384E-8875-A7ED05E13F21}.Debug|Win32.Build.0 = Debug|Win32
		{14C36002-3B11-384E-8875-A7ED05E13F21}.Release|Win32.ActiveCfg = Release|Win32
		{14C36002-3B11-384E-8875-A7ED05E13F21}.Release|Win32.Build.0 = Release|Win32
		{14C36002-3B11-384E-8875-A7ED05E13F21}.MinSizeRel|Win32.ActiveCfg = MinSizeRel|Win32
		{14C36002-3B11-384E-8875-A7ED05E13F21}.MinSizeRel|Win32.Build.0 = MinSizeRel|Win32
		{14C36002-3B11-384E-8875-A7ED05E13F21}.RelWithDebInfo|Win32.ActiveCfg = RelWithDebInfo|Win32
		{14C36002-3B11-384E-8875-A7ED05E13F21}.RelWithDebInfo|Win32.Build.0 = RelWithDebInfo|Win32
		{87BFC291-4542-37A1-AD8B-24F1026A144E}.Debug|Win32.ActiveCfg = Debug|Win32
		{87BFC291-4542-37A1-AD8B-24F1026A144E}.Debug|Win32.Build.0 = Debug|Win32
		{87BFC291-4542-37A1-AD8B-24F1026A144E}.Release|Win32.ActiveCfg = Release|Win32
		{87BFC291-4542-37A1-AD8B-24F1026A144E}.Release|Win32.Build.0 = Release|Win32
		{87BFC291-4542-37A1-AD8B-24F1026A144E}.MinSizeRel|Win32.ActiveCfg = MinSizeRel|Win32
		{87BFC291-4542-37A1-AD8B-24F1026A144E}.MinSizeRel|Win32.Build.0 = MinSizeRel|Win32
		{87BFC291-4542-37A1-AD8B-24F1026A144E}.RelWithDebInfo|Win32.ActiveCfg = RelWithDebInfo|Win32
		{87BFC291-4542-37A1-AD8B-24F1026A144E}.RelWithDebInfo|Win32.Build.0 = RelWithDebInfo|Win32
	EndGlobalSection
	GlobalSection(ExtensibilityGlobals) = postSolution
		SolutionGuid = {589D629A-7169-3E36-95B1-78E03DBD7EFA}
	EndGlobalSection
	GlobalSection(ExtensibilityAddIns) = postSolution
	EndGlobalSection
EndGlobal
